
Microsoft Visual Studio Solution File, Format Version 12.00
# Visual Studio 15
VisualStudioVersion = 15.0.28010.2048
MinimumVisualStudioVersion = 10.0.40219.1
Project("{FAE04EC0-301F-11D3-BF4B-00C04F79EFBC}") = "Hello", "Hello\Hello.csproj", "{BB5C1402-F7F8-4A12-9F57-C1E3A6AB7E82}"
EndProject
Project("{FAE04EC0-301F-11D3-BF4B-00C04F79EFBC}") = "StudentDiary", "StudentDiary\StudentDiary.csproj", "{DB08DE19-531F-4147-8DD8-A7BB9414ECC7}"
EndProject
Global
	GlobalSection(SolutionConfigurationPlatforms) = preSolution
		Debug|Any CPU = Debug|Any CPU
		Release|Any CPU = Release|Any CPU
	EndGlobalSection
	GlobalSection(ProjectConfigurationPlatforms) = postSolution
		{BB5C1402-F7F8-4A12-9F57-C1E3A6AB7E82}.Debug|Any CPU.ActiveCfg = Debug|Any CPU
		{BB5C1402-F7F8-4A12-9F57-C1E3A6AB7E82}.Debug|Any CPU.Build.0 = Debug|Any CPU
		{BB5C1402-F7F8-4A12-9F57-C1E3A6AB7E82}.Release|Any CPU.ActiveCfg = Release|Any CPU
		{BB5C1402-F7F8-4A12-9F57-C1E3A6AB7E82}.Release|Any CPU.Build.0 = Release|Any CPU
		{DB08DE19-531F-4147-8DD8-A7BB9414ECC7}.Debug|Any CPU.ActiveCfg = Debug|Any CPU
		{DB08DE19-531F-4147-8DD8-A7BB9414ECC7}.Debug|Any CPU.Build.0 = Debug|Any CPU
		{DB08DE19-531F-4147-8DD8-A7BB9414ECC7}.Release|Any CPU.ActiveCfg = Release|Any CPU
		{DB08DE19-531F-4147-8DD8-A7BB9414ECC7}.Release|Any CPU.Build.0 = Release|Any CPU
	EndGlobalSection
	GlobalSection(SolutionProperties) = preSolution
		HideSolutionNode = FALSE
	EndGlobalSection
	GlobalSection(ExtensibilityGlobals) = postSolution
		SolutionGuid = {795DF655-BE6E-4008-B7C7-B02F80EFCE7F}
	EndGlobalSection
EndGlobal
