
Microsoft Visual Studio Solution File, Format Version 12.00
# Visual Studio 15
VisualStudioVersion = 15.0.28010.2048
MinimumVisualStudioVersion = 10.0.40219.1
Project("{FAE04EC0-301F-11D3-BF4B-00C04F79EFBC}") = "Hello", "Hello\Hello.csproj", "{BB5C1402-F7F8-4A12-9F57-C1E3A6AB7E82}"
EndProject
Project("{FAE04EC0-301F-11D3-BF4B-00C04F79EFBC}") = "StudentDiary", "StudentDiary\StudentDiary.csproj", "{DB08DE19-531F-4147-8DD8-A7BB9414ECC7}"
EndProject
Project("{FAE04EC0-301F-11D3-BF4B-00C04F79EFBC}") = "Constructors", "Constructors\Constructors.csproj", "{A61D8D04-3704-4707-BF02-1985F035DD83}"
EndProject
Project("{FAE04EC0-301F-11D3-BF4B-00C04F79EFBC}") = "Odcinek10", "Odcinek10\Odcinek10.csproj", "{89289FE0-FDDF-4B91-914C-BB9DA238B8AB}"
EndProject
Project("{FAE04EC0-301F-11D3-BF4B-00C04F79EFBC}") = "StudentDiary2", "StudentDiary2\StudentDiary2.csproj", "{7E37B44D-8F8D-4514-A4B6-F9F52E6608AF}"
EndProject
Project("{FAE04EC0-301F-11D3-BF4B-00C04F79EFBC}") = "Typy", "Typy\Typy.csproj", "{C6562ACE-BDDB-441F-89EC-32D676B850FB}"
EndProject
Project("{FAE04EC0-301F-11D3-BF4B-00C04F79EFBC}") = "Typy.Test", "Typy.Test\Typy.Test.csproj", "{3AC8B52E-C27C-499B-A856-C496DD99A7EE}"
EndProject
Project("{FAE04EC0-301F-11D3-BF4B-00C04F79EFBC}") = "FlowControl", "FlowControl\FlowControl.csproj", "{CEE4C362-871E-4AA3-BF92-8DB0649BAD3E}"
EndProject
Project("{FAE04EC0-301F-11D3-BF4B-00C04F79EFBC}") = "Members", "Members\Members.csproj", "{F2A08A5F-8AC9-4A6C-ADFF-53BAE06BF837}"
EndProject
Global
	GlobalSection(SolutionConfigurationPlatforms) = preSolution
		Debug|Any CPU = Debug|Any CPU
		Release|Any CPU = Release|Any CPU
	EndGlobalSection
	GlobalSection(ProjectConfigurationPlatforms) = postSolution
		{BB5C1402-F7F8-4A12-9F57-C1E3A6AB7E82}.Debug|Any CPU.ActiveCfg = Debug|Any CPU
		{BB5C1402-F7F8-4A12-9F57-C1E3A6AB7E82}.Debug|Any CPU.Build.0 = Debug|Any CPU
		{BB5C1402-F7F8-4A12-9F57-C1E3A6AB7E82}.Release|Any CPU.ActiveCfg = Release|Any CPU
		{BB5C1402-F7F8-4A12-9F57-C1E3A6AB7E82}.Release|Any CPU.Build.0 = Release|Any CPU
		{DB08DE19-531F-4147-8DD8-A7BB9414ECC7}.Debug|Any CPU.ActiveCfg = Debug|Any CPU
		{DB08DE19-531F-4147-8DD8-A7BB9414ECC7}.Debug|Any CPU.Build.0 = Debug|Any CPU
		{DB08DE19-531F-4147-8DD8-A7BB9414ECC7}.Release|Any CPU.ActiveCfg = Release|Any CPU
		{DB08DE19-531F-4147-8DD8-A7BB9414ECC7}.Release|Any CPU.Build.0 = Release|Any CPU
		{A61D8D04-3704-4707-BF02-1985F035DD83}.Debug|Any CPU.ActiveCfg = Debug|Any CPU
		{A61D8D04-3704-4707-BF02-1985F035DD83}.Debug|Any CPU.Build.0 = Debug|Any CPU
		{A61D8D04-3704-4707-BF02-1985F035DD83}.Release|Any CPU.ActiveCfg = Release|Any CPU
		{A61D8D04-3704-4707-BF02-1985F035DD83}.Release|Any CPU.Build.0 = Release|Any CPU
		{89289FE0-FDDF-4B91-914C-BB9DA238B8AB}.Debug|Any CPU.ActiveCfg = Debug|Any CPU
		{89289FE0-FDDF-4B91-914C-BB9DA238B8AB}.Debug|Any CPU.Build.0 = Debug|Any CPU
		{89289FE0-FDDF-4B91-914C-BB9DA238B8AB}.Release|Any CPU.ActiveCfg = Release|Any CPU
		{89289FE0-FDDF-4B91-914C-BB9DA238B8AB}.Release|Any CPU.Build.0 = Release|Any CPU
		{7E37B44D-8F8D-4514-A4B6-F9F52E6608AF}.Debug|Any CPU.ActiveCfg = Debug|Any CPU
		{7E37B44D-8F8D-4514-A4B6-F9F52E6608AF}.Debug|Any CPU.Build.0 = Debug|Any CPU
		{7E37B44D-8F8D-4514-A4B6-F9F52E6608AF}.Release|Any CPU.ActiveCfg = Release|Any CPU
		{7E37B44D-8F8D-4514-A4B6-F9F52E6608AF}.Release|Any CPU.Build.0 = Release|Any CPU
		{C6562ACE-BDDB-441F-89EC-32D676B850FB}.Debug|Any CPU.ActiveCfg = Debug|Any CPU
		{C6562ACE-BDDB-441F-89EC-32D676B850FB}.Debug|Any CPU.Build.0 = Debug|Any CPU
		{C6562ACE-BDDB-441F-89EC-32D676B850FB}.Release|Any CPU.ActiveCfg = Release|Any CPU
		{C6562ACE-BDDB-441F-89EC-32D676B850FB}.Release|Any CPU.Build.0 = Release|Any CPU
		{3AC8B52E-C27C-499B-A856-C496DD99A7EE}.Debug|Any CPU.ActiveCfg = Debug|Any CPU
		{3AC8B52E-C27C-499B-A856-C496DD99A7EE}.Debug|Any CPU.Build.0 = Debug|Any CPU
		{3AC8B52E-C27C-499B-A856-C496DD99A7EE}.Release|Any CPU.ActiveCfg = Release|Any CPU
		{3AC8B52E-C27C-499B-A856-C496DD99A7EE}.Release|Any CPU.Build.0 = Release|Any CPU
		{CEE4C362-871E-4AA3-BF92-8DB0649BAD3E}.Debug|Any CPU.ActiveCfg = Debug|Any CPU
		{CEE4C362-871E-4AA3-BF92-8DB0649BAD3E}.Debug|Any CPU.Build.0 = Debug|Any CPU
		{CEE4C362-871E-4AA3-BF92-8DB0649BAD3E}.Release|Any CPU.ActiveCfg = Release|Any CPU
		{CEE4C362-871E-4AA3-BF92-8DB0649BAD3E}.Release|Any CPU.Build.0 = Release|Any CPU
		{F2A08A5F-8AC9-4A6C-ADFF-53BAE06BF837}.Debug|Any CPU.ActiveCfg = Debug|Any CPU
		{F2A08A5F-8AC9-4A6C-ADFF-53BAE06BF837}.Debug|Any CPU.Build.0 = Debug|Any CPU
		{F2A08A5F-8AC9-4A6C-ADFF-53BAE06BF837}.Release|Any CPU.ActiveCfg = Release|Any CPU
		{F2A08A5F-8AC9-4A6C-ADFF-53BAE06BF837}.Release|Any CPU.Build.0 = Release|Any CPU
	EndGlobalSection
	GlobalSection(SolutionProperties) = preSolution
		HideSolutionNode = FALSE
	EndGlobalSection
	GlobalSection(ExtensibilityGlobals) = postSolution
		SolutionGuid = {795DF655-BE6E-4008-B7C7-B02F80EFCE7F}
	EndGlobalSection
EndGlobal
